
Microsoft Visual Studio Solution File, Format Version 12.00
# Visual Studio Version 17
VisualStudioVersion = 17.9.34622.214
MinimumVisualStudioVersion = 10.0.40219.1
Project("{9A19103F-16F7-4668-BE54-9A1E7A4F7556}") = "FlagX0.Web", "src\FlagX0.Web\FlagX0.Web.csproj", "{721EC826-4696-4541-AE7F-5F1330624F3D}"
EndProject
Project("{9A19103F-16F7-4668-BE54-9A1E7A4F7556}") = "FlagX0.UnitTests", "tests\FlagX0.UnitTests\FlagX0.UnitTests.csproj", "{1826BBB9-435B-4847-AF7D-B8FA8D3559AE}"
EndProject
Global
	GlobalSection(SolutionConfigurationPlatforms) = preSolution
		Debug|Any CPU = Debug|Any CPU
		Release|Any CPU = Release|Any CPU
	EndGlobalSection
	GlobalSection(ProjectConfigurationPlatforms) = postSolution
		{721EC826-4696-4541-AE7F-5F1330624F3D}.Debug|Any CPU.ActiveCfg = Debug|Any CPU
		{721EC826-4696-4541-AE7F-5F1330624F3D}.Debug|Any CPU.Build.0 = Debug|Any CPU
		{721EC826-4696-4541-AE7F-5F1330624F3D}.Release|Any CPU.ActiveCfg = Release|Any CPU
		{721EC826-4696-4541-AE7F-5F1330624F3D}.Release|Any CPU.Build.0 = Release|Any CPU
		{1826BBB9-435B-4847-AF7D-B8FA8D3559AE}.Debug|Any CPU.ActiveCfg = Debug|Any CPU
		{1826BBB9-435B-4847-AF7D-B8FA8D3559AE}.Debug|Any CPU.Build.0 = Debug|Any CPU
		{1826BBB9-435B-4847-AF7D-B8FA8D3559AE}.Release|Any CPU.ActiveCfg = Release|Any CPU
		{1826BBB9-435B-4847-AF7D-B8FA8D3559AE}.Release|Any CPU.Build.0 = Release|Any CPU
	EndGlobalSection
	GlobalSection(SolutionProperties) = preSolution
		HideSolutionNode = FALSE
	EndGlobalSection
	GlobalSection(ExtensibilityGlobals) = postSolution
		SolutionGuid = {43527225-58EC-4A7F-8CBB-59D184972A8C}
	EndGlobalSection
EndGlobal
